
Microsoft Visual Studio Solution File, Format Version 12.00
# Visual Studio Version 17
VisualStudioVersion = 17.5.33502.453
MinimumVisualStudioVersion = 10.0.40219.1
Project("{888888A0-9F3D-457C-B088-3A5042F75D52}") = "Scheren_Stein_Papier_final", "Scheren_Stein_Papier_final.pyproj", "{A2011764-E5F8-4AFB-B857-59C48557DBC3}"
EndProject
Global
	GlobalSection(SolutionConfigurationPlatforms) = preSolution
		Debug|Any CPU = Debug|Any CPU
		Release|Any CPU = Release|Any CPU
	EndGlobalSection
	GlobalSection(ProjectConfigurationPlatforms) = postSolution
		{A2011764-E5F8-4AFB-B857-59C48557DBC3}.Debug|Any CPU.ActiveCfg = Debug|Any CPU
		{A2011764-E5F8-4AFB-B857-59C48557DBC3}.Release|Any CPU.ActiveCfg = Release|Any CPU
	EndGlobalSection
	GlobalSection(SolutionProperties) = preSolution
		HideSolutionNode = FALSE
	EndGlobalSection
	GlobalSection(ExtensibilityGlobals) = postSolution
		SolutionGuid = {B364AECD-0E39-4060-901D-3DF69DC5C11E}
	EndGlobalSection
EndGlobal
